
Microsoft Visual Studio Solution File, Format Version 12.00
# Visual Studio Version 17
VisualStudioVersion = 17.12.35527.113 d17.12
MinimumVisualStudioVersion = 10.0.40219.1
Project("{FAE04EC0-301F-11D3-BF4B-00C04F79EFBC}") = "GUI_QUANLYTHUVIEN", "GUI_QUANLYTHUVIEN\GUI_QUANLYTHUVIEN.csproj", "{DB9B328B-9E89-44A4-8B4C-276D0E8A43CA}"
EndProject
Project("{FAE04EC0-301F-11D3-BF4B-00C04F79EFBC}") = "BLL_QUANLYTHUVIEN", "BLL_QUANLYTHUVIEN\BLL_QUANLYTHUVIEN.csproj", "{754F43CF-D071-4577-AFD3-2ACA7A694C49}"
EndProject
Project("{FAE04EC0-301F-11D3-BF4B-00C04F79EFBC}") = "DAL_QUANLYTHUVIEN", "DAL_QUANLYTHUVIEN\DAL_QUANLYTHUVIEN.csproj", "{6BBA20B8-E925-4F27-BF7B-13C255154F8B}"
EndProject
Project("{FAE04EC0-301F-11D3-BF4B-00C04F79EFBC}") = "DTO_QUANLYTHUVIEN", "DTO_QUANLYTHUVIEN\DTO_QUANLYTHUVIEN.csproj", "{307542F2-31F2-4AB5-BB4B-F7533C026213}"
EndProject
Project("{FAE04EC0-301F-11D3-BF4B-00C04F79EFBC}") = "ULTIL_QUANLYHTUVIEN", "ULTIL_QUANLYHTUVIEN\ULTIL_QUANLYHTUVIEN.csproj", "{81ACC57C-6E1A-428E-866C-F8A5CB585DA7}"
EndProject
Global
	GlobalSection(SolutionConfigurationPlatforms) = preSolution
		Debug|Any CPU = Debug|Any CPU
		Release|Any CPU = Release|Any CPU
	EndGlobalSection
	GlobalSection(ProjectConfigurationPlatforms) = postSolution
		{DB9B328B-9E89-44A4-8B4C-276D0E8A43CA}.Debug|Any CPU.ActiveCfg = Debug|Any CPU
		{DB9B328B-9E89-44A4-8B4C-276D0E8A43CA}.Debug|Any CPU.Build.0 = Debug|Any CPU
		{DB9B328B-9E89-44A4-8B4C-276D0E8A43CA}.Release|Any CPU.ActiveCfg = Release|Any CPU
		{DB9B328B-9E89-44A4-8B4C-276D0E8A43CA}.Release|Any CPU.Build.0 = Release|Any CPU
		{754F43CF-D071-4577-AFD3-2ACA7A694C49}.Debug|Any CPU.ActiveCfg = Debug|Any CPU
		{754F43CF-D071-4577-AFD3-2ACA7A694C49}.Debug|Any CPU.Build.0 = Debug|Any CPU
		{754F43CF-D071-4577-AFD3-2ACA7A694C49}.Release|Any CPU.ActiveCfg = Release|Any CPU
		{754F43CF-D071-4577-AFD3-2ACA7A694C49}.Release|Any CPU.Build.0 = Release|Any CPU
		{6BBA20B8-E925-4F27-BF7B-13C255154F8B}.Debug|Any CPU.ActiveCfg = Debug|Any CPU
		{6BBA20B8-E925-4F27-BF7B-13C255154F8B}.Debug|Any CPU.Build.0 = Debug|Any CPU
		{6BBA20B8-E925-4F27-BF7B-13C255154F8B}.Release|Any CPU.ActiveCfg = Release|Any CPU
		{6BBA20B8-E925-4F27-BF7B-13C255154F8B}.Release|Any CPU.Build.0 = Release|Any CPU
		{307542F2-31F2-4AB5-BB4B-F7533C026213}.Debug|Any CPU.ActiveCfg = Debug|Any CPU
		{307542F2-31F2-4AB5-BB4B-F7533C026213}.Debug|Any CPU.Build.0 = Debug|Any CPU
		{307542F2-31F2-4AB5-BB4B-F7533C026213}.Release|Any CPU.ActiveCfg = Release|Any CPU
		{307542F2-31F2-4AB5-BB4B-F7533C026213}.Release|Any CPU.Build.0 = Release|Any CPU
		{81ACC57C-6E1A-428E-866C-F8A5CB585DA7}.Debug|Any CPU.ActiveCfg = Debug|Any CPU
		{81ACC57C-6E1A-428E-866C-F8A5CB585DA7}.Debug|Any CPU.Build.0 = Debug|Any CPU
		{81ACC57C-6E1A-428E-866C-F8A5CB585DA7}.Release|Any CPU.ActiveCfg = Release|Any CPU
		{81ACC57C-6E1A-428E-866C-F8A5CB585DA7}.Release|Any CPU.Build.0 = Release|Any CPU
	EndGlobalSection
	GlobalSection(SolutionProperties) = preSolution
		HideSolutionNode = FALSE
	EndGlobalSection
EndGlobal
